# Generated by buf. DO NOT EDIT.
version: v2
deps:
  - name: buf.build/googleapis/googleapis
    commit: 004180b77378443887d3b55cabc00384
    digest: b5:e8f475fe3330f31f5fd86ac689093bcd274e19611a09db91f41d637cb9197881ce89882b94d13a58738e53c91c6e4bae7dc1feba85f590164c975a89e25115dc
  - name: buf.build/grpc-ecosystem/grpc-gateway
    commit: 4c5ba75caaf84e928b7137ae5c18c26a
    digest: b5:c113e62fb3b29289af785866cae062b55ec8ae19ab3f08f3004098928fbca657730a06810b2012951294326b95669547194fa84476b9e9b688d4f8bf77a0691d
  - name: buf.build/protocolbuffers/wellknowntypes
    commit: 9220c3cb4fac4bb4a8587d4fd7aa7582
    digest: b5:412c81d3f1549cc9ef52b364a11ab41d9ea6ba5e8e22a2b3f1f614c180b991a76503d715574e94ff77e33f216a1614a8026f1fc01aeaefdaf701155cb125e8bc
